<?xml version="1.0" encoding="utf-8"?>
<Project ToolsVersion="4.0" xmlns="http://schemas.microsoft.com/developer/msbuild/2003">
  <ItemGroup>
    <Filter Include="ImGui">
      <UniqueIdentifier>{C0FF640D-2C14-8DBE-F595-301E616989EF}</UniqueIdentifier>
    </Filter>
    <Filter Include="StarsSea">
      <UniqueIdentifier>{EBA202E1-D76F-5DEC-0089-4B94ECB4927A}</UniqueIdentifier>
    </Filter>
    <Filter Include="StarsSeaEvents">
      <UniqueIdentifier>{A06B2EC8-8C39-22CE-75CD-92F4613AFE32}</UniqueIdentifier>
    </Filter>
    <Filter Include="StarsSeaLayers">
      <UniqueIdentifier>{7B5611D7-6724-05DD-50B8-75033C25E141}</UniqueIdentifier>
    </Filter>
    <Filter Include="StarsSeaPlatform">
      <UniqueIdentifier>{10DB95A9-FCD3-B4FB-2506-9A80115E9407}</UniqueIdentifier>
    </Filter>
    <Filter Include="StarsSeaPlatform\OpenGL">
      <UniqueIdentifier>{44728B67-B0A9-D3FE-B9B3-3722256AFAF7}</UniqueIdentifier>
    </Filter>
    <Filter Include="StarsSeaPlatform\Windows">
      <UniqueIdentifier>{4A9515B1-36BA-6431-5F05-4AC14B89634F}</UniqueIdentifier>
    </Filter>
  </ItemGroup>
  <ItemGroup>
    <ClInclude Include="src\ImGui\StarsSea-ImGuiLayer.h">
      <Filter>ImGui</Filter>
    </ClInclude>
    <ClInclude Include="src\StarsSea-pch.h" />
    <ClInclude Include="src\StarsSea.h" />
    <ClInclude Include="src\StarsSea\ApplicationStarsSea.h">
      <Filter>StarsSea</Filter>
    </ClInclude>
    <ClInclude Include="src\StarsSea\Log.h">
      <Filter>StarsSea</Filter>
    </ClInclude>
    <ClInclude Include="src\StarsSea\StarSea-Core.h">
      <Filter>StarsSea</Filter>
    </ClInclude>
    <ClInclude Include="src\StarsSea\StarsSea-EntryPoint.h">
      <Filter>StarsSea</Filter>
    </ClInclude>
    <ClInclude Include="src\StarsSea\StarsSea-Window.h">
      <Filter>StarsSea</Filter>
    </ClInclude>
    <ClInclude Include="src\StarsSeaEvents\ApplicationEvent.h">
      <Filter>StarsSeaEvents</Filter>
    </ClInclude>
    <ClInclude Include="src\StarsSeaEvents\StarsSea-Event.h">
      <Filter>StarsSeaEvents</Filter>
    </ClInclude>
    <ClInclude Include="src\StarsSeaEvents\StarsSea-KeyEvent.h">
      <Filter>StarsSeaEvents</Filter>
    </ClInclude>
    <ClInclude Include="src\StarsSeaEvents\StarsSea-MouseEvent.h">
      <Filter>StarsSeaEvents</Filter>
    </ClInclude>
    <ClInclude Include="src\StarsSeaLayers\StarsSea-Layer.h">
      <Filter>StarsSeaLayers</Filter>
    </ClInclude>
    <ClInclude Include="src\StarsSeaLayers\StarsSea-LayerStack.h">
      <Filter>StarsSeaLayers</Filter>
    </ClInclude>
    <ClInclude Include="src\StarsSeaPlatform\OpenGL\ImGuiOpenGLRenderer.h">
      <Filter>StarsSeaPlatform\OpenGL</Filter>
    </ClInclude>
    <ClInclude Include="src\StarsSeaPlatform\Windows\StarsSea-Windows.h">
      <Filter>StarsSeaPlatform\Windows</Filter>
    </ClInclude>
  </ItemGroup>
  <ItemGroup>
    <ClCompile Include="src\ImGui\StarsSea-ImGuiLayer.cpp">
      <Filter>ImGui</Filter>
    </ClCompile>
    <ClCompile Include="src\StarsSea-pch.cpp" />
    <ClCompile Include="src\StarsSea\ApplicationStarsSea.cpp">
      <Filter>StarsSea</Filter>
    </ClCompile>
    <ClCompile Include="src\StarsSea\Log.cpp">
      <Filter>StarsSea</Filter>
    </ClCompile>
    <ClCompile Include="src\StarsSeaLayers\StarsSea-Layer.cpp">
      <Filter>StarsSeaLayers</Filter>
    </ClCompile>
    <ClCompile Include="src\StarsSeaLayers\StarsSea-LayerStack.cpp">
      <Filter>StarsSeaLayers</Filter>
    </ClCompile>
    <ClCompile Include="src\StarsSeaPlatform\OpenGL\ImGuiOpenGLRenderer.cpp">
      <Filter>StarsSeaPlatform\OpenGL</Filter>
    </ClCompile>
    <ClCompile Include="src\StarsSeaPlatform\Windows\StarsSea-Windows.cpp">
      <Filter>StarsSeaPlatform\Windows</Filter>
    </ClCompile>
  </ItemGroup>
</Project>